{
  "name": "native-juejin-app",
  "version": "1.0.0",
  "lockfileVersion": 2,
  "requires": true,
  "packages": {
    "": {
      "name": "native-juejin-app",
      "version": "1.0.0",
      "license": "ISC",
      "dependencies": {
        "@vant/weapp": "^1.10.18",
        "mp-html": "^2.4.2"
      }
    },
    "node_modules/@vant/weapp": {
      "version": "1.10.18",
      "resolved": "https://registry.npmjs.org/@vant/weapp/-/weapp-1.10.18.tgz",
      "integrity": "sha512-BEmBGVKTBfP7Re41k27Tm6lKjdWmEN0APxLWMeiYtXn7koVxrzSAdwZgZguUD7vm1lMsMhAgAIq0IMoMm/ubkQ=="
    },
    "node_modules/mp-html": {
      "version": "2.4.2",
      "resolved": "https://registry.npmjs.org/mp-html/-/mp-html-2.4.2.tgz",
      "integrity": "sha512-MSfJh5ckuaI2uibeO4qiUl2e/j5fpXy6cmW/ZzSkb+U3rTJfMSNzODqrDwG0YWOd8BVI+tD9/jLZiBhJbMupUg=="
    }
  },
  "dependencies": {
    "@vant/weapp": {
      "version": "1.10.18",
      "resolved": "https://registry.npmjs.org/@vant/weapp/-/weapp-1.10.18.tgz",
      "integrity": "sha512-BEmBGVKTBfP7Re41k27Tm6lKjdWmEN0APxLWMeiYtXn7koVxrzSAdwZgZguUD7vm1lMsMhAgAIq0IMoMm/ubkQ=="
    },
    "mp-html": {
      "version": "2.4.2",
      "resolved": "https://registry.npmjs.org/mp-html/-/mp-html-2.4.2.tgz",
      "integrity": "sha512-MSfJh5ckuaI2uibeO4qiUl2e/j5fpXy6cmW/ZzSkb+U3rTJfMSNzODqrDwG0YWOd8BVI+tD9/jLZiBhJbMupUg=="
    }
  }
}
